{
  "originHash" : "63c44218d7283a61634e9047353cc07e43ba1e59a1b356c463010b2be67e6c53",
  "pins" : [
    {
      "identity" : "swiftlintplugins",
      "kind" : "remoteSourceControl",
      "location" : "https://github.com/SimplyDanny/SwiftLintPlugins",
      "state" : {
        "revision" : "ecb6907e0db6f79ed2c7a569df4e723a47615208",
        "version" : "0.64.1"
      }
    }
  ],
  "version" : 3
}
